
Microsoft Visual Studio Solution File, Format Version 12.00
# Visual Studio 14
VisualStudioVersion = 14.0.25420.1
MinimumVisualStudioVersion = 10.0.40219.1
Project("{FAE04EC0-301F-11D3-BF4B-00C04F79EFBC}") = "pdf2txt", "pdf2txt.csproj", "{1D4159B6-B878-48D8-BB7A-FD6F0E0DD341}"
EndProject
Global
	GlobalSection(SolutionConfigurationPlatforms) = preSolution
		Debug|Any CPU = Debug|Any CPU
		Release|Any CPU = Release|Any CPU
	EndGlobalSection
	GlobalSection(ProjectConfigurationPlatforms) = postSolution
		{1D4159B6-B878-48D8-BB7A-FD6F0E0DD341}.Debug|Any CPU.ActiveCfg = Debug|Any CPU
		{1D4159B6-B878-48D8-BB7A-FD6F0E0DD341}.Debug|Any CPU.Build.0 = Debug|Any CPU
		{1D4159B6-B878-48D8-BB7A-FD6F0E0DD341}.Release|Any CPU.ActiveCfg = Release|Any CPU
		{1D4159B6-B878-48D8-BB7A-FD6F0E0DD341}.Release|Any CPU.Build.0 = Release|Any CPU
	EndGlobalSection
	GlobalSection(SolutionProperties) = preSolution
		HideSolutionNode = FALSE
	EndGlobalSection
EndGlobal
